
Microsoft Visual Studio Solution File, Format Version 12.00
# Visual Studio Version 16
VisualStudioVersion = 16.0.810.19
MinimumVisualStudioVersion = 10.0.40219.1
Project("{FAE04EC0-301F-11D3-BF4B-00C04F79EFBC}") = "ShinyBluetoothTest.Android", "ShinyBluetoothTest.Android\ShinyBluetoothTest.Android.csproj", "{BAC06459-ABD0-43E1-96CB-378EC1425198}"
EndProject
Project("{FAE04EC0-301F-11D3-BF4B-00C04F79EFBC}") = "ShinyBluetoothTest.iOS", "ShinyBluetoothTest.iOS\ShinyBluetoothTest.iOS.csproj", "{1BBFB654-672E-4AC9-8524-E50D62E757DE}"
EndProject
Project("{D954291E-2A0B-460D-934E-DC6B0785DB48}") = "ShinyBluetoothTest", "ShinyBluetoothTest\ShinyBluetoothTest.shproj", "{C784AEE6-3284-4BCD-AF49-ABC875D4723C}"
EndProject
Global
	GlobalSection(SolutionConfigurationPlatforms) = preSolution
		Debug|Any CPU = Debug|Any CPU
		Release|Any CPU = Release|Any CPU
		Debug|iPhoneSimulator = Debug|iPhoneSimulator
		Release|iPhoneSimulator = Release|iPhoneSimulator
		Debug|iPhone = Debug|iPhone
		Release|iPhone = Release|iPhone
	EndGlobalSection
	GlobalSection(ProjectConfigurationPlatforms) = postSolution
		{BAC06459-ABD0-43E1-96CB-378EC1425198}.Debug|Any CPU.ActiveCfg = Debug|Any CPU
		{BAC06459-ABD0-43E1-96CB-378EC1425198}.Debug|Any CPU.Build.0 = Debug|Any CPU
		{BAC06459-ABD0-43E1-96CB-378EC1425198}.Release|Any CPU.ActiveCfg = Release|Any CPU
		{BAC06459-ABD0-43E1-96CB-378EC1425198}.Release|Any CPU.Build.0 = Release|Any CPU
		{BAC06459-ABD0-43E1-96CB-378EC1425198}.Debug|iPhoneSimulator.ActiveCfg = Debug|Any CPU
		{BAC06459-ABD0-43E1-96CB-378EC1425198}.Debug|iPhoneSimulator.Build.0 = Debug|Any CPU
		{BAC06459-ABD0-43E1-96CB-378EC1425198}.Release|iPhoneSimulator.ActiveCfg = Release|Any CPU
		{BAC06459-ABD0-43E1-96CB-378EC1425198}.Release|iPhoneSimulator.Build.0 = Release|Any CPU
		{BAC06459-ABD0-43E1-96CB-378EC1425198}.Debug|iPhone.ActiveCfg = Debug|Any CPU
		{BAC06459-ABD0-43E1-96CB-378EC1425198}.Debug|iPhone.Build.0 = Debug|Any CPU
		{BAC06459-ABD0-43E1-96CB-378EC1425198}.Release|iPhone.ActiveCfg = Release|Any CPU
		{BAC06459-ABD0-43E1-96CB-378EC1425198}.Release|iPhone.Build.0 = Release|Any CPU
		{1BBFB654-672E-4AC9-8524-E50D62E757DE}.Debug|Any CPU.ActiveCfg = Debug|iPhoneSimulator
		{1BBFB654-672E-4AC9-8524-E50D62E757DE}.Debug|Any CPU.Build.0 = Debug|iPhoneSimulator
		{1BBFB654-672E-4AC9-8524-E50D62E757DE}.Release|Any CPU.ActiveCfg = Release|iPhoneSimulator
		{1BBFB654-672E-4AC9-8524-E50D62E757DE}.Release|Any CPU.Build.0 = Release|iPhoneSimulator
		{1BBFB654-672E-4AC9-8524-E50D62E757DE}.Debug|iPhoneSimulator.ActiveCfg = Debug|iPhoneSimulator
		{1BBFB654-672E-4AC9-8524-E50D62E757DE}.Debug|iPhoneSimulator.Build.0 = Debug|iPhoneSimulator
		{1BBFB654-672E-4AC9-8524-E50D62E757DE}.Release|iPhoneSimulator.ActiveCfg = Release|iPhoneSimulator
		{1BBFB654-672E-4AC9-8524-E50D62E757DE}.Release|iPhoneSimulator.Build.0 = Release|iPhoneSimulator
		{1BBFB654-672E-4AC9-8524-E50D62E757DE}.Debug|iPhone.ActiveCfg = Debug|iPhone
		{1BBFB654-672E-4AC9-8524-E50D62E757DE}.Debug|iPhone.Build.0 = Debug|iPhone
		{1BBFB654-672E-4AC9-8524-E50D62E757DE}.Release|iPhone.ActiveCfg = Release|iPhone
		{1BBFB654-672E-4AC9-8524-E50D62E757DE}.Release|iPhone.Build.0 = Release|iPhone
	EndGlobalSection
	GlobalSection(SolutionProperties) = preSolution
		HideSolutionNode = FALSE
	EndGlobalSection
	GlobalSection(ExtensibilityGlobals) = postSolution
		SolutionGuid = {56FE285F-E02F-495A-9560-717FB4A2F0FA}
	EndGlobalSection
EndGlobal
